# This file is automatically @generated by Cargo.
# It is not intended for manual editing.
version = 4

[[package]]
name = "datacode_abi"
version = "1.0.0"
source = "git+https://github.com/igornet0/Datacode-abi.git#7d1018993dcda1a8554eab04e560e71c9604739a"

[[package]]
name = "datacode_sdk"
version = "0.1.0"
dependencies = [
 "datacode_abi",
 "libc",
 "paste",
]

[[package]]
name = "libc"
version = "0.2.180"
source = "registry+https://github.com/rust-lang/crates.io-index"
checksum = "bcc35a38544a891a5f7c865aca548a982ccb3b8650a5b06d0fd33a10283c56fc"

[[package]]
name = "paste"
version = "1.0.15"
source = "registry+https://github.com/rust-lang/crates.io-index"
checksum = "57c0d7b74b563b49d38dae00a0c37d4d6de9b432382b2892f0574ddcae73fd0a"
